{
  "originHash" : "5e5ece58b9721b65dc37255a0f7b070457840572934b296f55c322b700ec07dd",
  "pins" : [
    {
      "identity" : "workspacekit",
      "kind" : "remoteSourceControl",
      "location" : "https://github.com/ajmcclary/WorkspaceKit.git",
      "state" : {
        "revision" : "924a19e4ac52f1fa32b724b2b37581d9e5c5d7c7",
        "version" : "0.1.0-beta.10"
      }
    }
  ],
  "version" : 3
}
